
Microsoft Visual Studio Solution File, Format Version 12.00
# Visual Studio Version 17
VisualStudioVersion = 17.11.35222.181
MinimumVisualStudioVersion = 10.0.40219.1
Project("{FAE04EC0-301F-11D3-BF4B-00C04F79EFBC}") = "CurrencyConverterWPF", "CurrencyConverterWPF.csproj", "{04EDB7C8-7F3B-4EE8-BD7B-7BE20598EE8E}"
EndProject
Global
	GlobalSection(SolutionConfigurationPlatforms) = preSolution
		Debug|Any CPU = Debug|Any CPU
		Release|Any CPU = Release|Any CPU
	EndGlobalSection
	GlobalSection(ProjectConfigurationPlatforms) = postSolution
		{04EDB7C8-7F3B-4EE8-BD7B-7BE20598EE8E}.Debug|Any CPU.ActiveCfg = Debug|Any CPU
		{04EDB7C8-7F3B-4EE8-BD7B-7BE20598EE8E}.Debug|Any CPU.Build.0 = Debug|Any CPU
		{04EDB7C8-7F3B-4EE8-BD7B-7BE20598EE8E}.Release|Any CPU.ActiveCfg = Release|Any CPU
		{04EDB7C8-7F3B-4EE8-BD7B-7BE20598EE8E}.Release|Any CPU.Build.0 = Release|Any CPU
	EndGlobalSection
	GlobalSection(SolutionProperties) = preSolution
		HideSolutionNode = FALSE
	EndGlobalSection
	GlobalSection(ExtensibilityGlobals) = postSolution
		SolutionGuid = {3BA953EB-D2B2-46D3-BED1-69C815C7D9AD}
	EndGlobalSection
EndGlobal
